
Microsoft Visual Studio Solution File, Format Version 12.00
# Visual Studio Version 16
VisualStudioVersion = 16.0.29519.87
MinimumVisualStudioVersion = 10.0.40219.1
Project("{FAE04EC0-301F-11D3-BF4B-00C04F79EFBC}") = "Teste FitCard", "Teste FitCard.csproj", "{170D56A8-5CE6-4101-9FB5-31E39706078C}"
EndProject
Global
	GlobalSection(SolutionConfigurationPlatforms) = preSolution
		Debug|Any CPU = Debug|Any CPU
		Release|Any CPU = Release|Any CPU
	EndGlobalSection
	GlobalSection(ProjectConfigurationPlatforms) = postSolution
		{170D56A8-5CE6-4101-9FB5-31E39706078C}.Debug|Any CPU.ActiveCfg = Debug|Any CPU
		{170D56A8-5CE6-4101-9FB5-31E39706078C}.Debug|Any CPU.Build.0 = Debug|Any CPU
		{170D56A8-5CE6-4101-9FB5-31E39706078C}.Release|Any CPU.ActiveCfg = Release|Any CPU
		{170D56A8-5CE6-4101-9FB5-31E39706078C}.Release|Any CPU.Build.0 = Release|Any CPU
	EndGlobalSection
	GlobalSection(SolutionProperties) = preSolution
		HideSolutionNode = FALSE
	EndGlobalSection
	GlobalSection(ExtensibilityGlobals) = postSolution
		SolutionGuid = {F747D99E-2664-475C-9F67-B3638FD89021}
	EndGlobalSection
EndGlobal
